# THIS IS AN AUTOGENERATED FILE. DO NOT EDIT THIS FILE DIRECTLY.
# yarn lockfile v1


"@citizenfx/client@^2.0.6228-1":
  version "2.0.6228-1"
  resolved "https://registry.yarnpkg.com/@citizenfx/client/-/client-2.0.6228-1.tgz#dc532f42b384c5e3ce0b60499445fe1b1b1e1c0f"
  integrity sha512-Z7xQY9ph3aNm1AvLFu3j7QbpJMa1IIO98DrDbEd12qr3kKpEGclZEbVx1bxPlj/5kpbe9IW3WJOyWgSHh9OygA==

"@citizenfx/server@^2.0.6228-1":
  version "2.0.6228-1"
  resolved "https://registry.yarnpkg.com/@citizenfx/server/-/server-2.0.6228-1.tgz#e2cfc51fba7946efe39f7e1af5333855c692fb82"
  integrity sha512-4uqFitF7J/BI82YZNm2dpdruM9PaarlJNBQxicZvIugSs7pPo7R/53pswyGe/euhJkVYWg9NaXN7CQklRQhWLg==
